
Microsoft Visual Studio Solution File, Format Version 12.00
# Visual Studio Version 17
VisualStudioVersion = 17.13.35818.85
MinimumVisualStudioVersion = 10.0.40219.1
Project("{FAE04EC0-301F-11D3-BF4B-00C04F79EFBC}") = "TUBES_KPL_KELOMPOK_7", "TUBES_KPL_KELOMPOK_7.csproj", "{CD90902F-0B7B-465F-8CF2-9D864B292E56}"
EndProject
Project("{FAE04EC0-301F-11D3-BF4B-00C04F79EFBC}") = "UlasanDanRatingProduk", "..\UlasanDanRatingProduk\UlasanDanRatingProduk.csproj", "{44B834A8-04D7-41C8-8667-EB1B361AD5F3}"
EndProject
Project("{FAE04EC0-301F-11D3-BF4B-00C04F79EFBC}") = "UnitTestUlasanDanRatingProduk", "..\UnitTestUlasanDanRatingProduk\UnitTestUlasanDanRatingProduk.csproj", "{6526A62E-36C8-452C-9004-2D3B5C71613A}"
EndProject
Global
	GlobalSection(SolutionConfigurationPlatforms) = preSolution
		Debug|Any CPU = Debug|Any CPU
		Release|Any CPU = Release|Any CPU
	EndGlobalSection
	GlobalSection(ProjectConfigurationPlatforms) = postSolution
		{CD90902F-0B7B-465F-8CF2-9D864B292E56}.Debug|Any CPU.ActiveCfg = Debug|Any CPU
		{CD90902F-0B7B-465F-8CF2-9D864B292E56}.Debug|Any CPU.Build.0 = Debug|Any CPU
		{CD90902F-0B7B-465F-8CF2-9D864B292E56}.Release|Any CPU.ActiveCfg = Release|Any CPU
		{CD90902F-0B7B-465F-8CF2-9D864B292E56}.Release|Any CPU.Build.0 = Release|Any CPU
		{44B834A8-04D7-41C8-8667-EB1B361AD5F3}.Debug|Any CPU.ActiveCfg = Debug|Any CPU
		{44B834A8-04D7-41C8-8667-EB1B361AD5F3}.Debug|Any CPU.Build.0 = Debug|Any CPU
		{44B834A8-04D7-41C8-8667-EB1B361AD5F3}.Release|Any CPU.ActiveCfg = Release|Any CPU
		{44B834A8-04D7-41C8-8667-EB1B361AD5F3}.Release|Any CPU.Build.0 = Release|Any CPU
		{6526A62E-36C8-452C-9004-2D3B5C71613A}.Debug|Any CPU.ActiveCfg = Debug|Any CPU
		{6526A62E-36C8-452C-9004-2D3B5C71613A}.Debug|Any CPU.Build.0 = Debug|Any CPU
		{6526A62E-36C8-452C-9004-2D3B5C71613A}.Release|Any CPU.ActiveCfg = Release|Any CPU
		{6526A62E-36C8-452C-9004-2D3B5C71613A}.Release|Any CPU.Build.0 = Release|Any CPU
	EndGlobalSection
	GlobalSection(SolutionProperties) = preSolution
		HideSolutionNode = FALSE
	EndGlobalSection
	GlobalSection(ExtensibilityGlobals) = postSolution
		SolutionGuid = {A52D7CAB-F619-4620-80D5-1261F2FB6693}
	EndGlobalSection
EndGlobal
